
Microsoft Visual Studio Solution File, Format Version 12.00
# Visual Studio Version 16
VisualStudioVersion = 16.0.30907.101
MinimumVisualStudioVersion = 10.0.40219.1
Project("{9A19103F-16F7-4668-BE54-9A1E7A4F7556}") = "HW6MovieSharingSolution", "HW6MovieSharingSolution.csproj", "{B208631B-43FC-4B3A-96ED-4559E6235681}"
EndProject
Project("{2150E333-8FDC-42A3-9474-1A3956D46DE8}") = "ProjectNotes", "ProjectNotes", "{DD71CE2A-57C5-49A7-9F26-C345D535E440}"
	ProjectSection(SolutionItems) = preProject
		ProjectNotes.txt = ProjectNotes.txt
	EndProjectSection
EndProject
Global
	GlobalSection(SolutionConfigurationPlatforms) = preSolution
		Debug|Any CPU = Debug|Any CPU
		Release|Any CPU = Release|Any CPU
	EndGlobalSection
	GlobalSection(ProjectConfigurationPlatforms) = postSolution
		{B208631B-43FC-4B3A-96ED-4559E6235681}.Debug|Any CPU.ActiveCfg = Debug|Any CPU
		{B208631B-43FC-4B3A-96ED-4559E6235681}.Debug|Any CPU.Build.0 = Debug|Any CPU
		{B208631B-43FC-4B3A-96ED-4559E6235681}.Release|Any CPU.ActiveCfg = Release|Any CPU
		{B208631B-43FC-4B3A-96ED-4559E6235681}.Release|Any CPU.Build.0 = Release|Any CPU
	EndGlobalSection
	GlobalSection(SolutionProperties) = preSolution
		HideSolutionNode = FALSE
	EndGlobalSection
	GlobalSection(ExtensibilityGlobals) = postSolution
		SolutionGuid = {B2512808-9A25-49B5-AA46-111495FDE7BA}
	EndGlobalSection
EndGlobal
